
Microsoft Visual Studio Solution File, Format Version 12.00
Project("{FAE04EC0-301F-11D3-BF4B-00C04F79EFBC}") = "Backend", "Backend\Backend.csproj", "{DDD0E468-BD64-4302-A979-CF6F544078A7}"
EndProject
Project("{FAE04EC0-301F-11D3-BF4B-00C04F79EFBC}") = "Backend.Kernel", "Backend.Kernel\Backend.Kernel.csproj", "{44310866-F490-4FE9-8E0B-E4338F73F1B7}"
EndProject
Project("{FAE04EC0-301F-11D3-BF4B-00C04F79EFBC}") = "Tests.Backend", "Tests.Backend\Tests.Backend.csproj", "{7D9D4653-8469-4C1C-B036-BB4CD346F8B3}"
EndProject
Project("{FAE04EC0-301F-11D3-BF4B-00C04F79EFBC}") = "Tests.Backend.Kernel", "Tests.Backend.Kernel\Tests.Backend.Kernel.csproj", "{653BFA77-60DF-4D0D-8A62-996FF996336F}"
EndProject
Project("{FAE04EC0-301F-11D3-BF4B-00C04F79EFBC}") = "Tests.Utils", "Tests.Utils\Tests.Utils.csproj", "{D70B15AD-BAD4-4B6C-8407-4439AC6D5DE1}"
EndProject
Global
	GlobalSection(SolutionConfigurationPlatforms) = preSolution
		Debug|Any CPU = Debug|Any CPU
		Release|Any CPU = Release|Any CPU
	EndGlobalSection
	GlobalSection(ProjectConfigurationPlatforms) = postSolution
		{DDD0E468-BD64-4302-A979-CF6F544078A7}.Debug|Any CPU.ActiveCfg = Debug|Any CPU
		{DDD0E468-BD64-4302-A979-CF6F544078A7}.Debug|Any CPU.Build.0 = Debug|Any CPU
		{DDD0E468-BD64-4302-A979-CF6F544078A7}.Release|Any CPU.ActiveCfg = Release|Any CPU
		{DDD0E468-BD64-4302-A979-CF6F544078A7}.Release|Any CPU.Build.0 = Release|Any CPU
		{44310866-F490-4FE9-8E0B-E4338F73F1B7}.Debug|Any CPU.ActiveCfg = Debug|Any CPU
		{44310866-F490-4FE9-8E0B-E4338F73F1B7}.Debug|Any CPU.Build.0 = Debug|Any CPU
		{44310866-F490-4FE9-8E0B-E4338F73F1B7}.Release|Any CPU.ActiveCfg = Release|Any CPU
		{44310866-F490-4FE9-8E0B-E4338F73F1B7}.Release|Any CPU.Build.0 = Release|Any CPU
		{7D9D4653-8469-4C1C-B036-BB4CD346F8B3}.Debug|Any CPU.ActiveCfg = Debug|Any CPU
		{7D9D4653-8469-4C1C-B036-BB4CD346F8B3}.Debug|Any CPU.Build.0 = Debug|Any CPU
		{7D9D4653-8469-4C1C-B036-BB4CD346F8B3}.Release|Any CPU.ActiveCfg = Release|Any CPU
		{7D9D4653-8469-4C1C-B036-BB4CD346F8B3}.Release|Any CPU.Build.0 = Release|Any CPU
		{653BFA77-60DF-4D0D-8A62-996FF996336F}.Debug|Any CPU.ActiveCfg = Debug|Any CPU
		{653BFA77-60DF-4D0D-8A62-996FF996336F}.Debug|Any CPU.Build.0 = Debug|Any CPU
		{653BFA77-60DF-4D0D-8A62-996FF996336F}.Release|Any CPU.ActiveCfg = Release|Any CPU
		{653BFA77-60DF-4D0D-8A62-996FF996336F}.Release|Any CPU.Build.0 = Release|Any CPU
		{D70B15AD-BAD4-4B6C-8407-4439AC6D5DE1}.Debug|Any CPU.ActiveCfg = Debug|Any CPU
		{D70B15AD-BAD4-4B6C-8407-4439AC6D5DE1}.Debug|Any CPU.Build.0 = Debug|Any CPU
		{D70B15AD-BAD4-4B6C-8407-4439AC6D5DE1}.Release|Any CPU.ActiveCfg = Release|Any CPU
		{D70B15AD-BAD4-4B6C-8407-4439AC6D5DE1}.Release|Any CPU.Build.0 = Release|Any CPU
	EndGlobalSection
EndGlobal
